
Microsoft Visual Studio Solution File, Format Version 12.00
# Visual Studio 15
VisualStudioVersion = 15.0.26124.0
MinimumVisualStudioVersion = 15.0.26124.0
Project("{2150E333-8FDC-42A3-9474-1A3956D46DE8}") = "src", "src", "{CC8048ED-FFB4-4C1B-A7E3-598F268A5068}"
EndProject
Project("{FAE04EC0-301F-11D3-BF4B-00C04F79EFBC}") = "BlazingComponents", "src\BlazingComponents\BlazingComponents.csproj", "{97896FBB-EC17-40CA-8B19-EF29E3EEBF52}"
EndProject
Project("{FAE04EC0-301F-11D3-BF4B-00C04F79EFBC}") = "BlazingPizza.ComponentsLibrary", "src\BlazingPizza.ComponentsLibrary\BlazingPizza.ComponentsLibrary.csproj", "{DFF41723-4119-4015-A620-148F5BE05994}"
EndProject
Project("{FAE04EC0-301F-11D3-BF4B-00C04F79EFBC}") = "BlazingPizza.Shared", "src\BlazingPizza.Shared\BlazingPizza.Shared.csproj", "{9013F32B-4934-4B50-91FC-BC748AE53265}"
EndProject
Project("{FAE04EC0-301F-11D3-BF4B-00C04F79EFBC}") = "BlazingPizza.Client", "src\BlazingPizza.Client\BlazingPizza.Client.csproj", "{88F13EC8-7757-4C04-AC4B-30714B120203}"
EndProject
Project("{FAE04EC0-301F-11D3-BF4B-00C04F79EFBC}") = "BlazingPizza.Server", "src\BlazingPizza.Server\BlazingPizza.Server.csproj", "{5B63FCC5-F39E-4332-AF0C-CFFFE502F47D}"
EndProject
Project("{FAE04EC0-301F-11D3-BF4B-00C04F79EFBC}") = "BlazingPizza.OrderService", "src\BlazingPizza.OrderService\BlazingPizza.OrderService.csproj", "{C435A4BC-948F-492D-9549-31AB6B5565D6}"
EndProject
Project("{FAE04EC0-301F-11D3-BF4B-00C04F79EFBC}") = "BlazingPizza.DeliveryService", "src\BlazingPizza.DeliveryService\BlazingPizza.DeliveryService.csproj", "{B086515D-2F5F-4E1A-A937-06EA33FE405D}"
EndProject
Project("{FAE04EC0-301F-11D3-BF4B-00C04F79EFBC}") = "BlazingPizza.MenuService", "src\BlazingPizza.MenuService\BlazingPizza.MenuService.csproj", "{CF2BA9D6-03B7-42A2-BF2C-C934B0481024}"
EndProject
Project("{FAE04EC0-301F-11D3-BF4B-00C04F79EFBC}") = "BlazingPizza.OrderClient", "src\BlazingPizza.OrderClient\BlazingPizza.OrderClient.csproj", "{DD454C13-2655-48C5-9996-99120C5D36E8}"
EndProject
Global
	GlobalSection(SolutionConfigurationPlatforms) = preSolution
		Debug|Any CPU = Debug|Any CPU
		Debug|x64 = Debug|x64
		Debug|x86 = Debug|x86
		Release|Any CPU = Release|Any CPU
		Release|x64 = Release|x64
		Release|x86 = Release|x86
	EndGlobalSection
	GlobalSection(SolutionProperties) = preSolution
		HideSolutionNode = FALSE
	EndGlobalSection
	GlobalSection(ProjectConfigurationPlatforms) = postSolution
		{97896FBB-EC17-40CA-8B19-EF29E3EEBF52}.Debug|Any CPU.ActiveCfg = Debug|Any CPU
		{97896FBB-EC17-40CA-8B19-EF29E3EEBF52}.Debug|Any CPU.Build.0 = Debug|Any CPU
		{97896FBB-EC17-40CA-8B19-EF29E3EEBF52}.Debug|x64.ActiveCfg = Debug|Any CPU
		{97896FBB-EC17-40CA-8B19-EF29E3EEBF52}.Debug|x64.Build.0 = Debug|Any CPU
		{97896FBB-EC17-40CA-8B19-EF29E3EEBF52}.Debug|x86.ActiveCfg = Debug|Any CPU
		{97896FBB-EC17-40CA-8B19-EF29E3EEBF52}.Debug|x86.Build.0 = Debug|Any CPU
		{97896FBB-EC17-40CA-8B19-EF29E3EEBF52}.Release|Any CPU.ActiveCfg = Release|Any CPU
		{97896FBB-EC17-40CA-8B19-EF29E3EEBF52}.Release|Any CPU.Build.0 = Release|Any CPU
		{97896FBB-EC17-40CA-8B19-EF29E3EEBF52}.Release|x64.ActiveCfg = Release|Any CPU
		{97896FBB-EC17-40CA-8B19-EF29E3EEBF52}.Release|x64.Build.0 = Release|Any CPU
		{97896FBB-EC17-40CA-8B19-EF29E3EEBF52}.Release|x86.ActiveCfg = Release|Any CPU
		{97896FBB-EC17-40CA-8B19-EF29E3EEBF52}.Release|x86.Build.0 = Release|Any CPU
		{DFF41723-4119-4015-A620-148F5BE05994}.Debug|Any CPU.ActiveCfg = Debug|Any CPU
		{DFF41723-4119-4015-A620-148F5BE05994}.Debug|Any CPU.Build.0 = Debug|Any CPU
		{DFF41723-4119-4015-A620-148F5BE05994}.Debug|x64.ActiveCfg = Debug|Any CPU
		{DFF41723-4119-4015-A620-148F5BE05994}.Debug|x64.Build.0 = Debug|Any CPU
		{DFF41723-4119-4015-A620-148F5BE05994}.Debug|x86.ActiveCfg = Debug|Any CPU
		{DFF41723-4119-4015-A620-148F5BE05994}.Debug|x86.Build.0 = Debug|Any CPU
		{DFF41723-4119-4015-A620-148F5BE05994}.Release|Any CPU.ActiveCfg = Release|Any CPU
		{DFF41723-4119-4015-A620-148F5BE05994}.Release|Any CPU.Build.0 = Release|Any CPU
		{DFF41723-4119-4015-A620-148F5BE05994}.Release|x64.ActiveCfg = Release|Any CPU
		{DFF41723-4119-4015-A620-148F5BE05994}.Release|x64.Build.0 = Release|Any CPU
		{DFF41723-4119-4015-A620-148F5BE05994}.Release|x86.ActiveCfg = Release|Any CPU
		{DFF41723-4119-4015-A620-148F5BE05994}.Release|x86.Build.0 = Release|Any CPU
		{9013F32B-4934-4B50-91FC-BC748AE53265}.Debug|Any CPU.ActiveCfg = Debug|Any CPU
		{9013F32B-4934-4B50-91FC-BC748AE53265}.Debug|Any CPU.Build.0 = Debug|Any CPU
		{9013F32B-4934-4B50-91FC-BC748AE53265}.Debug|x64.ActiveCfg = Debug|Any CPU
		{9013F32B-4934-4B50-91FC-BC748AE53265}.Debug|x64.Build.0 = Debug|Any CPU
		{9013F32B-4934-4B50-91FC-BC748AE53265}.Debug|x86.ActiveCfg = Debug|Any CPU
		{9013F32B-4934-4B50-91FC-BC748AE53265}.Debug|x86.Build.0 = Debug|Any CPU
		{9013F32B-4934-4B50-91FC-BC748AE53265}.Release|Any CPU.ActiveCfg = Release|Any CPU
		{9013F32B-4934-4B50-91FC-BC748AE53265}.Release|Any CPU.Build.0 = Release|Any CPU
		{9013F32B-4934-4B50-91FC-BC748AE53265}.Release|x64.ActiveCfg = Release|Any CPU
		{9013F32B-4934-4B50-91FC-BC748AE53265}.Release|x64.Build.0 = Release|Any CPU
		{9013F32B-4934-4B50-91FC-BC748AE53265}.Release|x86.ActiveCfg = Release|Any CPU
		{9013F32B-4934-4B50-91FC-BC748AE53265}.Release|x86.Build.0 = Release|Any CPU
		{88F13EC8-7757-4C04-AC4B-30714B120203}.Debug|Any CPU.ActiveCfg = Debug|Any CPU
		{88F13EC8-7757-4C04-AC4B-30714B120203}.Debug|Any CPU.Build.0 = Debug|Any CPU
		{88F13EC8-7757-4C04-AC4B-30714B120203}.Debug|x64.ActiveCfg = Debug|Any CPU
		{88F13EC8-7757-4C04-AC4B-30714B120203}.Debug|x64.Build.0 = Debug|Any CPU
		{88F13EC8-7757-4C04-AC4B-30714B120203}.Debug|x86.ActiveCfg = Debug|Any CPU
		{88F13EC8-7757-4C04-AC4B-30714B120203}.Debug|x86.Build.0 = Debug|Any CPU
		{88F13EC8-7757-4C04-AC4B-30714B120203}.Release|Any CPU.ActiveCfg = Release|Any CPU
		{88F13EC8-7757-4C04-AC4B-30714B120203}.Release|Any CPU.Build.0 = Release|Any CPU
		{88F13EC8-7757-4C04-AC4B-30714B120203}.Release|x64.ActiveCfg = Release|Any CPU
		{88F13EC8-7757-4C04-AC4B-30714B120203}.Release|x64.Build.0 = Release|Any CPU
		{88F13EC8-7757-4C04-AC4B-30714B120203}.Release|x86.ActiveCfg = Release|Any CPU
		{88F13EC8-7757-4C04-AC4B-30714B120203}.Release|x86.Build.0 = Release|Any CPU
		{5B63FCC5-F39E-4332-AF0C-CFFFE502F47D}.Debug|Any CPU.ActiveCfg = Debug|Any CPU
		{5B63FCC5-F39E-4332-AF0C-CFFFE502F47D}.Debug|Any CPU.Build.0 = Debug|Any CPU
		{5B63FCC5-F39E-4332-AF0C-CFFFE502F47D}.Debug|x64.ActiveCfg = Debug|Any CPU
		{5B63FCC5-F39E-4332-AF0C-CFFFE502F47D}.Debug|x64.Build.0 = Debug|Any CPU
		{5B63FCC5-F39E-4332-AF0C-CFFFE502F47D}.Debug|x86.ActiveCfg = Debug|Any CPU
		{5B63FCC5-F39E-4332-AF0C-CFFFE502F47D}.Debug|x86.Build.0 = Debug|Any CPU
		{5B63FCC5-F39E-4332-AF0C-CFFFE502F47D}.Release|Any CPU.ActiveCfg = Release|Any CPU
		{5B63FCC5-F39E-4332-AF0C-CFFFE502F47D}.Release|Any CPU.Build.0 = Release|Any CPU
		{5B63FCC5-F39E-4332-AF0C-CFFFE502F47D}.Release|x64.ActiveCfg = Release|Any CPU
		{5B63FCC5-F39E-4332-AF0C-CFFFE502F47D}.Release|x64.Build.0 = Release|Any CPU
		{5B63FCC5-F39E-4332-AF0C-CFFFE502F47D}.Release|x86.ActiveCfg = Release|Any CPU
		{5B63FCC5-F39E-4332-AF0C-CFFFE502F47D}.Release|x86.Build.0 = Release|Any CPU
		{C435A4BC-948F-492D-9549-31AB6B5565D6}.Debug|Any CPU.ActiveCfg = Debug|Any CPU
		{C435A4BC-948F-492D-9549-31AB6B5565D6}.Debug|Any CPU.Build.0 = Debug|Any CPU
		{C435A4BC-948F-492D-9549-31AB6B5565D6}.Debug|x64.ActiveCfg = Debug|Any CPU
		{C435A4BC-948F-492D-9549-31AB6B5565D6}.Debug|x64.Build.0 = Debug|Any CPU
		{C435A4BC-948F-492D-9549-31AB6B5565D6}.Debug|x86.ActiveCfg = Debug|Any CPU
		{C435A4BC-948F-492D-9549-31AB6B5565D6}.Debug|x86.Build.0 = Debug|Any CPU
		{C435A4BC-948F-492D-9549-31AB6B5565D6}.Release|Any CPU.ActiveCfg = Release|Any CPU
		{C435A4BC-948F-492D-9549-31AB6B5565D6}.Release|Any CPU.Build.0 = Release|Any CPU
		{C435A4BC-948F-492D-9549-31AB6B5565D6}.Release|x64.ActiveCfg = Release|Any CPU
		{C435A4BC-948F-492D-9549-31AB6B5565D6}.Release|x64.Build.0 = Release|Any CPU
		{C435A4BC-948F-492D-9549-31AB6B5565D6}.Release|x86.ActiveCfg = Release|Any CPU
		{C435A4BC-948F-492D-9549-31AB6B5565D6}.Release|x86.Build.0 = Release|Any CPU
		{B086515D-2F5F-4E1A-A937-06EA33FE405D}.Debug|Any CPU.ActiveCfg = Debug|Any CPU
		{B086515D-2F5F-4E1A-A937-06EA33FE405D}.Debug|Any CPU.Build.0 = Debug|Any CPU
		{B086515D-2F5F-4E1A-A937-06EA33FE405D}.Debug|x64.ActiveCfg = Debug|Any CPU
		{B086515D-2F5F-4E1A-A937-06EA33FE405D}.Debug|x64.Build.0 = Debug|Any CPU
		{B086515D-2F5F-4E1A-A937-06EA33FE405D}.Debug|x86.ActiveCfg = Debug|Any CPU
		{B086515D-2F5F-4E1A-A937-06EA33FE405D}.Debug|x86.Build.0 = Debug|Any CPU
		{B086515D-2F5F-4E1A-A937-06EA33FE405D}.Release|Any CPU.ActiveCfg = Release|Any CPU
		{B086515D-2F5F-4E1A-A937-06EA33FE405D}.Release|Any CPU.Build.0 = Release|Any CPU
		{B086515D-2F5F-4E1A-A937-06EA33FE405D}.Release|x64.ActiveCfg = Release|Any CPU
		{B086515D-2F5F-4E1A-A937-06EA33FE405D}.Release|x64.Build.0 = Release|Any CPU
		{B086515D-2F5F-4E1A-A937-06EA33FE405D}.Release|x86.ActiveCfg = Release|Any CPU
		{B086515D-2F5F-4E1A-A937-06EA33FE405D}.Release|x86.Build.0 = Release|Any CPU
		{CF2BA9D6-03B7-42A2-BF2C-C934B0481024}.Debug|Any CPU.ActiveCfg = Debug|Any CPU
		{CF2BA9D6-03B7-42A2-BF2C-C934B0481024}.Debug|Any CPU.Build.0 = Debug|Any CPU
		{CF2BA9D6-03B7-42A2-BF2C-C934B0481024}.Debug|x64.ActiveCfg = Debug|Any CPU
		{CF2BA9D6-03B7-42A2-BF2C-C934B0481024}.Debug|x64.Build.0 = Debug|Any CPU
		{CF2BA9D6-03B7-42A2-BF2C-C934B0481024}.Debug|x86.ActiveCfg = Debug|Any CPU
		{CF2BA9D6-03B7-42A2-BF2C-C934B0481024}.Debug|x86.Build.0 = Debug|Any CPU
		{CF2BA9D6-03B7-42A2-BF2C-C934B0481024}.Release|Any CPU.ActiveCfg = Release|Any CPU
		{CF2BA9D6-03B7-42A2-BF2C-C934B0481024}.Release|Any CPU.Build.0 = Release|Any CPU
		{CF2BA9D6-03B7-42A2-BF2C-C934B0481024}.Release|x64.ActiveCfg = Release|Any CPU
		{CF2BA9D6-03B7-42A2-BF2C-C934B0481024}.Release|x64.Build.0 = Release|Any CPU
		{CF2BA9D6-03B7-42A2-BF2C-C934B0481024}.Release|x86.ActiveCfg = Release|Any CPU
		{CF2BA9D6-03B7-42A2-BF2C-C934B0481024}.Release|x86.Build.0 = Release|Any CPU
		{DD454C13-2655-48C5-9996-99120C5D36E8}.Debug|Any CPU.ActiveCfg = Debug|Any CPU
		{DD454C13-2655-48C5-9996-99120C5D36E8}.Debug|Any CPU.Build.0 = Debug|Any CPU
		{DD454C13-2655-48C5-9996-99120C5D36E8}.Debug|x64.ActiveCfg = Debug|Any CPU
		{DD454C13-2655-48C5-9996-99120C5D36E8}.Debug|x64.Build.0 = Debug|Any CPU
		{DD454C13-2655-48C5-9996-99120C5D36E8}.Debug|x86.ActiveCfg = Debug|Any CPU
		{DD454C13-2655-48C5-9996-99120C5D36E8}.Debug|x86.Build.0 = Debug|Any CPU
		{DD454C13-2655-48C5-9996-99120C5D36E8}.Release|Any CPU.ActiveCfg = Release|Any CPU
		{DD454C13-2655-48C5-9996-99120C5D36E8}.Release|Any CPU.Build.0 = Release|Any CPU
		{DD454C13-2655-48C5-9996-99120C5D36E8}.Release|x64.ActiveCfg = Release|Any CPU
		{DD454C13-2655-48C5-9996-99120C5D36E8}.Release|x64.Build.0 = Release|Any CPU
		{DD454C13-2655-48C5-9996-99120C5D36E8}.Release|x86.ActiveCfg = Release|Any CPU
		{DD454C13-2655-48C5-9996-99120C5D36E8}.Release|x86.Build.0 = Release|Any CPU
	EndGlobalSection
	GlobalSection(NestedProjects) = preSolution
		{97896FBB-EC17-40CA-8B19-EF29E3EEBF52} = {CC8048ED-FFB4-4C1B-A7E3-598F268A5068}
		{DFF41723-4119-4015-A620-148F5BE05994} = {CC8048ED-FFB4-4C1B-A7E3-598F268A5068}
		{9013F32B-4934-4B50-91FC-BC748AE53265} = {CC8048ED-FFB4-4C1B-A7E3-598F268A5068}
		{88F13EC8-7757-4C04-AC4B-30714B120203} = {CC8048ED-FFB4-4C1B-A7E3-598F268A5068}
		{5B63FCC5-F39E-4332-AF0C-CFFFE502F47D} = {CC8048ED-FFB4-4C1B-A7E3-598F268A5068}
		{C435A4BC-948F-492D-9549-31AB6B5565D6} = {CC8048ED-FFB4-4C1B-A7E3-598F268A5068}
		{B086515D-2F5F-4E1A-A937-06EA33FE405D} = {CC8048ED-FFB4-4C1B-A7E3-598F268A5068}
		{CF2BA9D6-03B7-42A2-BF2C-C934B0481024} = {CC8048ED-FFB4-4C1B-A7E3-598F268A5068}
		{DD454C13-2655-48C5-9996-99120C5D36E8} = {CC8048ED-FFB4-4C1B-A7E3-598F268A5068}
	EndGlobalSection
EndGlobal
